
Microsoft Visual Studio Solution File, Format Version 12.00
# Visual Studio Version 17
VisualStudioVersion = 17.10.35027.167
MinimumVisualStudioVersion = 10.0.40219.1
Project("{F184B08F-C81C-45F6-A57F-5ABD9991F28F}") = "ejercicio 2 de compara los objetos", "ejercicio 2 de compara los objetos\ejercicio 2 de compara los objetos.vbproj", "{BEA30DB2-926F-44EF-B74D-0CB3B3B7EAD0}"
EndProject
Global
	GlobalSection(SolutionConfigurationPlatforms) = preSolution
		Debug|Any CPU = Debug|Any CPU
		Release|Any CPU = Release|Any CPU
	EndGlobalSection
	GlobalSection(ProjectConfigurationPlatforms) = postSolution
		{BEA30DB2-926F-44EF-B74D-0CB3B3B7EAD0}.Debug|Any CPU.ActiveCfg = Debug|Any CPU
		{BEA30DB2-926F-44EF-B74D-0CB3B3B7EAD0}.Debug|Any CPU.Build.0 = Debug|Any CPU
		{BEA30DB2-926F-44EF-B74D-0CB3B3B7EAD0}.Release|Any CPU.ActiveCfg = Release|Any CPU
		{BEA30DB2-926F-44EF-B74D-0CB3B3B7EAD0}.Release|Any CPU.Build.0 = Release|Any CPU
	EndGlobalSection
	GlobalSection(SolutionProperties) = preSolution
		HideSolutionNode = FALSE
	EndGlobalSection
	GlobalSection(ExtensibilityGlobals) = postSolution
		SolutionGuid = {77C04162-021B-4632-B578-87C3B166674D}
	EndGlobalSection
EndGlobal
