
Microsoft Visual Studio Solution File, Format Version 12.00
# Visual Studio Version 17
VisualStudioVersion = 17.10.35027.167
MinimumVisualStudioVersion = 10.0.40219.1
Project("{FAE04EC0-301F-11D3-BF4B-00C04F79EFBC}") = "ejercicio3", "ejercicio3\ejercicio3.csproj", "{9424EE52-397B-45C5-AD0B-7D5889E2758B}"
EndProject
Global
	GlobalSection(SolutionConfigurationPlatforms) = preSolution
		Debug|Any CPU = Debug|Any CPU
		Release|Any CPU = Release|Any CPU
	EndGlobalSection
	GlobalSection(ProjectConfigurationPlatforms) = postSolution
		{9424EE52-397B-45C5-AD0B-7D5889E2758B}.Debug|Any CPU.ActiveCfg = Debug|Any CPU
		{9424EE52-397B-45C5-AD0B-7D5889E2758B}.Debug|Any CPU.Build.0 = Debug|Any CPU
		{9424EE52-397B-45C5-AD0B-7D5889E2758B}.Release|Any CPU.ActiveCfg = Release|Any CPU
		{9424EE52-397B-45C5-AD0B-7D5889E2758B}.Release|Any CPU.Build.0 = Release|Any CPU
	EndGlobalSection
	GlobalSection(SolutionProperties) = preSolution
		HideSolutionNode = FALSE
	EndGlobalSection
	GlobalSection(ExtensibilityGlobals) = postSolution
		SolutionGuid = {F66648B3-3F90-437A-BCA4-C95097AADD0A}
	EndGlobalSection
EndGlobal
